
Microsoft Visual Studio Solution File, Format Version 12.00
# Visual Studio 14
VisualStudioVersion = 14.0.24720.0
MinimumVisualStudioVersion = 10.0.40219.1
Project("{8BC9CEB8-8B4A-11D0-8D11-00A0C91BC942}") = "QuicklibCTPTD", "QuicklibCTPTD\QuicklibCtpTD.vcxproj", "{459D2C42-56C1-4FB5-ACCF-FAE6D3E8757A}"
EndProject
Global
	GlobalSection(SolutionConfigurationPlatforms) = preSolution
		Debug|Win32 = Debug|Win32
		Release|Win32 = Release|Win32
	EndGlobalSection
	GlobalSection(ProjectConfigurationPlatforms) = postSolution
		{459D2C42-56C1-4FB5-ACCF-FAE6D3E8757A}.Debug|Win32.ActiveCfg = Debug|Win32
		{459D2C42-56C1-4FB5-ACCF-FAE6D3E8757A}.Debug|Win32.Build.0 = Debug|Win32
		{459D2C42-56C1-4FB5-ACCF-FAE6D3E8757A}.Release|Win32.ActiveCfg = Release|Win32
		{459D2C42-56C1-4FB5-ACCF-FAE6D3E8757A}.Release|Win32.Build.0 = Release|Win32
	EndGlobalSection
	GlobalSection(SolutionProperties) = preSolution
		HideSolutionNode = FALSE
	EndGlobalSection
EndGlobal
